// !$*UTF8*$!
{
	archiveVersion = 1;
	classes = {
	};
	objectVersion = 55;
	objects = {

/* Begin PBXBuildFile section */
		7776DF842876286F0030CC8B /* Person.swift in Sources */ = {isa = PBXBuildFile; fileRef = 7776DF832876286F0030CC8B /* Person.swift */; };
		7799AB06287368840069FBAF /* AppDelegate.swift in Sources */ = {isa = PBXBuildFile; fileRef = 7799AB05287368840069FBAF /* AppDelegate.swift */; };
		7799AB08287368840069FBAF /* SceneDelegate.swift in Sources */ = {isa = PBXBuildFile; fileRef = 7799AB07287368840069FBAF /* SceneDelegate.swift */; };
		7799AB0A287368840069FBAF /* ViewController.swift in Sources */ = {isa = PBXBuildFile; fileRef = 7799AB09287368840069FBAF /* ViewController.swift */; };
		7799AB0D287368840069FBAF /* Main.storyboard in Resources */ = {isa = PBXBuildFile; fileRef = 7799AB0B287368840069FBAF /* Main.storyboard */; };
		7799AB0F287368850069FBAF /* Assets.xcassets in Resources */ = {isa = PBXBuildFile; fileRef = 7799AB0E287368850069FBAF /* Assets.xcassets */; };
		7799AB12287368850069FBAF /* LaunchScreen.storyboard in Resources */ = {isa = PBXBuildFile; fileRef = 7799AB10287368850069FBAF /* LaunchScreen.storyboard */; };
		7799AB1A28742EDC0069FBAF /* PersonCell.swift in Sources */ = {isa = PBXBuildFile; fileRef = 7799AB1928742EDC0069FBAF /* PersonCell.swift */; };
/* End PBXBuildFile section */

/* Begin PBXFileReference section */
		7776DF832876286F0030CC8B /* Person.swift */ = {isa = PBXFileReference; lastKnownFileType = sourcecode.swift; path = Person.swift; sourceTree = "<group>"; };
		7799AB02287368840069FBAF /* 100 Days Of Swift-Project 10.app */ = {isa = PBXFileReference; explicitFileType = wrapper.application; includeInIndex = 0; path = "100 Days Of Swift-Project 10.app"; sourceTree = BUILT_PRODUCTS_DIR; };
		7799AB05287368840069FBAF /* AppDelegate.swift */ = {isa = PBXFileReference; lastKnownFileType = sourcecode.swift; path = AppDelegate.swift; sourceTree = "<group>"; };
		7799AB07287368840069FBAF /* SceneDelegate.swift */ = {isa = PBXFileReference; lastKnownFileType = sourcecode.swift; path = SceneDelegate.swift; sourceTree = "<group>"; };
		7799AB09287368840069FBAF /* ViewController.swift */ = {isa = PBXFileReference; lastKnownFileType = sourcecode.swift; path = ViewController.swift; sourceTree = "<group>"; };
		7799AB0C287368840069FBAF /* Base */ = {isa = PBXFileReference; lastKnownFileType = file.storyboard; name = Base; path = Base.lproj/Main.storyboard; sourceTree = "<group>"; };
		7799AB0E287368850069FBAF /* Assets.xcassets */ = {isa = PBXFileReference; lastKnownFileType = folder.assetcatalog; path = Assets.xcassets; sourceTree = "<group>"; };
		7799AB11287368850069FBAF /* Base */ = {isa = PBXFileReference; lastKnownFileType = file.storyboard; name = Base; path = Base.lproj/LaunchScreen.storyboard; sourceTree = "<group>"; };
		7799AB13287368850069FBAF /* Info.plist */ = {isa = PBXFileReference; lastKnownFileType = text.plist.xml; path = Info.plist; sourceTree = "<group>"; };
		7799AB1928742EDC0069FBAF /* PersonCell.swift */ = {isa = PBXFileReference; lastKnownFileType = sourcecode.swift; path = PersonCell.swift; sourceTree = "<group>"; };
/* End PBXFileReference section */

/* Begin PBXFrameworksBuildPhase section */
		7799AAFF287368840069FBAF /* Frameworks */ = {
			isa = PBXFrameworksBuildPhase;
			buildActionMask = 2147483647;
			files = (
			);
			runOnlyForDeploymentPostprocessing = 0;
		};
/* End PBXFrameworksBuildPhase section */

/* Begin PBXGroup section */
		7799AAF9287368840069FBAF = {
			isa = PBXGroup;
			children = (
				7799AB04287368840069FBAF /* 100 Days Of Swift-Project 10 */,
				7799AB03287368840069FBAF /* Products */,
			);
			sourceTree = "<group>";
		};
		7799AB03287368840069FBAF /* Products */ = {
			isa = PBXGroup;
			children = (
				7799AB02287368840069FBAF /* 100 Days Of Swift-Project 10.app */,
			);
			name = Products;
			sourceTree = "<group>";
		};
		7799AB04287368840069FBAF /* 100 Days Of Swift-Project 10 */ = {
			isa = PBXGroup;
			children = (
				7799AB05287368840069FBAF /* AppDelegate.swift */,
				7799AB07287368840069FBAF /* SceneDelegate.swift */,
				7799AB09287368840069FBAF /* ViewController.swift */,
				7776DF832876286F0030CC8B /* Person.swift */,
				7799AB0B287368840069FBAF /* Main.storyboard */,
				7799AB1928742EDC0069FBAF /* PersonCell.swift */,
				7799AB0E287368850069FBAF /* Assets.xcassets */,
				7799AB10287368850069FBAF /* LaunchScreen.storyboard */,
				7799AB13287368850069FBAF /* Info.plist */,
			);
			path = "100 Days Of Swift-Project 10";
			sourceTree = "<group>";
		};
/* End PBXGroup section */

/* Begin PBXNativeTarget section */
		7799AB01287368840069FBAF /* 100 Days Of Swift-Project 10 */ = {
			isa = PBXNativeTarget;
			buildConfigurationList = 7799AB16287368850069FBAF /* Build configuration list for PBXNativeTarget "100 Days Of Swift-Project 10" */;
			buildPhases = (
				7799AAFE287368840069FBAF /* Sources */,
				7799AAFF287368840069FBAF /* Frameworks */,
				7799AB00287368840069FBAF /* Resources */,
			);
			buildRules = (
			);
			dependencies = (
			);
			name = "100 Days Of Swift-Project 10";
			productName = "100 Days Of Swift-Project 10";
			productReference = 7799AB02287368840069FBAF /* 100 Days Of Swift-Project 10.app */;
			productType = "com.apple.product-type.application";
		};
/* End PBXNativeTarget section */

/* Begin PBXProject section */
		7799AAFA287368840069FBAF /* Project object */ = {
			isa = PBXProject;
			attributes = {
				BuildIndependentTargetsInParallel = 1;
				LastSwiftUpdateCheck = 1340;
				LastUpgradeCheck = 1340;
				TargetAttributes = {
					7799AB01287368840069FBAF = {
						CreatedOnToolsVersion = 13.4.1;
					};
				};
			};
			buildConfigurationList = 7799AAFD287368840069FBAF /* Build configuration list for PBXProject "100 Days Of Swift-Project 10" */;
			compatibilityVersion = "Xcode 13.0";
			developmentRegion = en;
			hasScannedForEncodings = 0;
			knownRegions = (
				en,
				Base,
			);
			mainGroup = 7799AAF9287368840069FBAF;
			productRefGroup = 7799AB03287368840069FBAF /* Products */;
			projectDirPath = "";
			projectRoot = "";
			targets = (
				7799AB01287368840069FBAF /* 100 Days Of Swift-Project 10 */,
			);
		};
/* End PBXProject section */

/* Begin PBXResourcesBuildPhase section */
		7799AB00287368840069FBAF /* Resources */ = {
			isa = PBXResourcesBuildPhase;
			buildActionMask = 2147483647;
			files = (
				7799AB12287368850069FBAF /* LaunchScreen.storyboard in Resources */,
				7799AB0F287368850069FBAF /* Assets.xcassets in Resources */,
				7799AB0D287368840069FBAF /* Main.storyboard in Resources */,
			);
			runOnlyForDeploymentPostprocessing = 0;
		};
/* End PBXResourcesBuildPhase section */

/* Begin PBXSourcesBuildPhase section */
		7799AAFE287368840069FBAF /* Sources */ = {
			isa = PBXSourcesBuildPhase;
			buildActionMask = 2147483647;
			files = (
				7776DF842876286F0030CC8B /* Person.swift in Sources */,
				7799AB0A287368840069FBAF /* ViewController.swift in Sources */,
				7799AB06287368840069FBAF /* AppDelegate.swift in Sources */,
				7799AB1A28742EDC0069FBAF /* PersonCell.swift in Sources */,
				7799AB08287368840069FBAF /* SceneDelegate.swift in Sources */,
			);
			runOnlyForDeploymentPostprocessing = 0;
		};
/* End PBXSourcesBuildPhase section */

/* Begin PBXVariantGroup section */
		7799AB0B287368840069FBAF /* Main.storyboard */ = {
			isa = PBXVariantGroup;
			children = (
				7799AB0C287368840069FBAF /* Base */,
			);
			name = Main.storyboard;
			sourceTree = "<group>";
		};
		7799AB10287368850069FBAF /* LaunchScreen.storyboard */ = {
			isa = PBXVariantGroup;
			children = (
				7799AB11287368850069FBAF /* Base */,
			);
			name = LaunchScreen.storyboard;
			sourceTree = "<group>";
		};
/* End PBXVariantGroup section */

/* Begin XCBuildConfiguration section */
		7799AB14287368850069FBAF /* Debug */ = {
			isa = XCBuildConfiguration;
			buildSettings = {
				ALWAYS_SEARCH_USER_PATHS = NO;
				CLANG_ANALYZER_NONNULL = YES;
				CLANG_ANALYZER_NUMBER_OBJECT_CONVERSION = YES_AGGRESSIVE;
				CLANG_CXX_LANGUAGE_STANDARD = "gnu++17";
				CLANG_ENABLE_MODULES = YES;
				CLANG_ENABLE_OBJC_ARC = YES;
				CLANG_ENABLE_OBJC_WEAK = YES;
				CLANG_WARN_BLOCK_CAPTURE_AUTORELEASING = YES;
				CLANG_WARN_BOOL_CONVERSION = YES;
				CLANG_WARN_COMMA = YES;
				CLANG_WARN_CONSTANT_CONVERSION = YES;
				CLANG_WARN_DEPRECATED_OBJC_IMPLEMENTATIONS = YES;
				CLANG_WARN_DIRECT_OBJC_ISA_USAGE = YES_ERROR;
				CLANG_WARN_DOCUMENTATION_COMMENTS = YES;
				CLANG_WARN_EMPTY_BODY = YES;
				CLANG_WARN_ENUM_CONVERSION = YES;
				CLANG_WARN_INFINITE_RECURSION = YES;
				CLANG_WARN_INT_CONVERSION = YES;
				CLANG_WARN_NON_LITERAL_NULL_CONVERSION = YES;
				CLANG_WARN_OBJC_IMPLICIT_RETAIN_SELF = YES;
				CLANG_WARN_OBJC_LITERAL_CONVERSION = YES;
				CLANG_WARN_OBJC_ROOT_CLASS = YES_ERROR;
				CLANG_WARN_QUOTED_INCLUDE_IN_FRAMEWORK_HEADER = YES;
				CLANG_WARN_RANGE_LOOP_ANALYSIS = YES;
				CLANG_WARN_STRICT_PROTOTYPES = YES;
				CLANG_WARN_SUSPICIOUS_MOVE = YES;
				CLANG_WARN_UNGUARDED_AVAILABILITY = YES_AGGRESSIVE;
				CLANG_WARN_UNREACHABLE_CODE = YES;
				CLANG_WARN__DUPLICATE_METHOD_MATCH = YES;
				COPY_PHASE_STRIP = NO;
				DEBUG_INFORMATION_FORMAT = dwarf;
				ENABLE_STRICT_OBJC_MSGSEND = YES;
				ENABLE_TESTABILITY = YES;
				GCC_C_LANGUAGE_STANDARD = gnu11;
				GCC_DYNAMIC_NO_PIC = NO;
				GCC_NO_COMMON_BLOCKS = YES;
				GCC_OPTIMIZATION_LEVEL = 0;
				GCC_PREPROCESSOR_DEFINITIONS = (
					"DEBUG=1",
					"$(inherited)",
				);
				GCC_WARN_64_TO_32_BIT_CONVERSION = YES;
				GCC_WARN_ABOUT_RETURN_TYPE = YES_ERROR;
				GCC_WARN_UNDECLARED_SELECTOR = YES;
				GCC_WARN_UNINITIALIZED_AUTOS = YES_AGGRESSIVE;
				GCC_WARN_UNUSED_FUNCTION = YES;
				GCC_WARN_UNUSED_VARIABLE = YES;
				IPHONEOS_DEPLOYMENT_TARGET = 15.5;
				MTL_ENABLE_DEBUG_INFO = INCLUDE_SOURCE;
				MTL_FAST_MATH = YES;
				ONLY_ACTIVE_ARCH = YES;
				SDKROOT = iphoneos;
				SWIFT_ACTIVE_COMPILATION_CONDITIONS = DEBUG;
				SWIFT_OPTIMIZATION_LEVEL = "-Onone";
			};
			name = Debug;
		};
		7799AB15287368850069FBAF /* Release */ = {
			isa = XCBuildConfiguration;
			buildSettings = {
				ALWAYS_SEARCH_USER_PATHS = NO;
				CLANG_ANALYZER_NONNULL = YES;
				CLANG_ANALYZER_NUMBER_OBJECT_CONVERSION = YES_AGGRESSIVE;
				CLANG_CXX_LANGUAGE_STANDARD = "gnu++17";
				CLANG_ENABLE_MODULES = YES;
				CLANG_ENABLE_OBJC_ARC = YES;
				CLANG_ENABLE_OBJC_WEAK = YES;
				CLANG_WARN_BLOCK_CAPTURE_AUTORELEASING = YES;
				CLANG_WARN_BOOL_CONVERSION = YES;
				CLANG_WARN_COMMA = YES;
				CLANG_WARN_CONSTANT_CONVERSION = YES;
				CLANG_WARN_DEPRECATED_OBJC_IMPLEMENTATIONS = YES;
				CLANG_WARN_DIRECT_OBJC_ISA_USAGE = YES_ERROR;
				CLANG_WARN_DOCUMENTATION_COMMENTS = YES;
				CLANG_WARN_EMPTY_BODY = YES;
				CLANG_WARN_ENUM_CONVERSION = YES;
				CLANG_WARN_INFINITE_RECURSION = YES;
				CLANG_WARN_INT_CONVERSION = YES;
				CLANG_WARN_NON_LITERAL_NULL_CONVERSION = YES;
				CLANG_WARN_OBJC_IMPLICIT_RETAIN_SELF = YES;
				CLANG_WARN_OBJC_LITERAL_CONVERSION = YES;
				CLANG_WARN_OBJC_ROOT_CLASS = YES_ERROR;
				CLANG_WARN_QUOTED_INCLUDE_IN_FRAMEWORK_HEADER = YES;
				CLANG_WARN_RANGE_LOOP_ANALYSIS = YES;
				CLANG_WARN_STRICT_PROTOTYPES = YES;
				CLANG_WARN_SUSPICIOUS_MOVE = YES;
				CLANG_WARN_UNGUARDED_AVAILABILITY = YES_AGGRESSIVE;
				CLANG_WARN_UNREACHABLE_CODE = YES;
				CLANG_WARN__DUPLICATE_METHOD_MATCH = YES;
				COPY_PHASE_STRIP = NO;
				DEBUG_INFORMATION_FORMAT = "dwarf-with-dsym";
				ENABLE_NS_ASSERTIONS = NO;
				ENABLE_STRICT_OBJC_MSGSEND = YES;
				GCC_C_LANGUAGE_STANDARD = gnu11;
				GCC_NO_COMMON_BLOCKS = YES;
				GCC_WARN_64_TO_32_BIT_CONVERSION = YES;
				GCC_WARN_ABOUT_RETURN_TYPE = YES_ERROR;
				GCC_WARN_UNDECLARED_SELECTOR = YES;
				GCC_WARN_UNINITIALIZED_AUTOS = YES_AGGRESSIVE;
				GCC_WARN_UNUSED_FUNCTION = YES;
				GCC_WARN_UNUSED_VARIABLE = YES;
				IPHONEOS_DEPLOYMENT_TARGET = 15.5;
				MTL_ENABLE_DEBUG_INFO = NO;
				MTL_FAST_MATH = YES;
				SDKROOT = iphoneos;
				SWIFT_COMPILATION_MODE = wholemodule;
				SWIFT_OPTIMIZATION_LEVEL = "-O";
				VALIDATE_PRODUCT = YES;
			};
			name = Release;
		};
		7799AB17287368850069FBAF /* Debug */ = {
			isa = XCBuildConfiguration;
			buildSettings = {
				ASSETCATALOG_COMPILER_APPICON_NAME = AppIcon;
				ASSETCATALOG_COMPILER_GLOBAL_ACCENT_COLOR_NAME = AccentColor;
				CODE_SIGN_STYLE = Automatic;
				CURRENT_PROJECT_VERSION = 1;
				DEVELOPMENT_TEAM = 72X6JCUCBJ;
				GENERATE_INFOPLIST_FILE = YES;
				INFOPLIST_FILE = "100 Days Of Swift-Project 10/Info.plist";
				INFOPLIST_KEY_UIApplicationSupportsIndirectInputEvents = YES;
				INFOPLIST_KEY_UILaunchStoryboardName = LaunchScreen;
				INFOPLIST_KEY_UIMainStoryboardFile = Main;
				INFOPLIST_KEY_UISupportedInterfaceOrientations_iPad = "UIInterfaceOrientationPortrait UIInterfaceOrientationPortraitUpsideDown UIInterfaceOrientationLandscapeLeft UIInterfaceOrientationLandscapeRight";
				INFOPLIST_KEY_UISupportedInterfaceOrientations_iPhone = "UIInterfaceOrientationPortrait UIInterfaceOrientationLandscapeLeft UIInterfaceOrientationLandscapeRight";
				LD_RUNPATH_SEARCH_PATHS = (
					"$(inherited)",
					"@executable_path/Frameworks",
				);
				MARKETING_VERSION = 1.0;
				PRODUCT_BUNDLE_IDENTIFIER = "com.ardabho.-00-Days-Of-Swift-Project-10";
				PRODUCT_NAME = "$(TARGET_NAME)";
				SWIFT_EMIT_LOC_STRINGS = YES;
				SWIFT_VERSION = 5.0;
				TARGETED_DEVICE_FAMILY = "1,2";
			};
			name = Debug;
		};
		7799AB18287368850069FBAF /* Release */ = {
			isa = XCBuildConfiguration;
			buildSettings = {
				ASSETCATALOG_COMPILER_APPICON_NAME = AppIcon;
				ASSETCATALOG_COMPILER_GLOBAL_ACCENT_COLOR_NAME = AccentColor;
				CODE_SIGN_STYLE = Automatic;
				CURRENT_PROJECT_VERSION = 1;
				DEVELOPMENT_TEAM = 72X6JCUCBJ;
				GENERATE_INFOPLIST_FILE = YES;
				INFOPLIST_FILE = "100 Days Of Swift-Project 10/Info.plist";
				INFOPLIST_KEY_UIApplicationSupportsIndirectInputEvents = YES;
				INFOPLIST_KEY_UILaunchStoryboardName = LaunchScreen;
				INFOPLIST_KEY_UIMainStoryboardFile = Main;
				INFOPLIST_KEY_UISupportedInterfaceOrientations_iPad = "UIInterfaceOrientationPortrait UIInterfaceOrientationPortraitUpsideDown UIInterfaceOrientationLandscapeLeft UIInterfaceOrientationLandscapeRight";
				INFOPLIST_KEY_UISupportedInterfaceOrientations_iPhone = "UIInterfaceOrientationPortrait UIInterfaceOrientationLandscapeLeft UIInterfaceOrientationLandscapeRight";
				LD_RUNPATH_SEARCH_PATHS = (
					"$(inherited)",
					"@executable_path/Frameworks",
				);
				MARKETING_VERSION = 1.0;
				PRODUCT_BUNDLE_IDENTIFIER = "com.ardabho.-00-Days-Of-Swift-Project-10";
				PRODUCT_NAME = "$(TARGET_NAME)";
				SWIFT_EMIT_LOC_STRINGS = YES;
				SWIFT_VERSION = 5.0;
				TARGETED_DEVICE_FAMILY = "1,2";
			};
			name = Release;
		};
/* End XCBuildConfiguration section */

/* Begin XCConfigurationList section */
		7799AAFD287368840069FBAF /* Build configuration list for PBXProject "100 Days Of Swift-Project 10" */ = {
			isa = XCConfigurationList;
			buildConfigurations = (
				7799AB14287368850069FBAF /* Debug */,
				7799AB15287368850069FBAF /* Release */,
			);
			defaultConfigurationIsVisible = 0;
			defaultConfigurationName = Release;
		};
		7799AB16287368850069FBAF /* Build configuration list for PBXNativeTarget "100 Days Of Swift-Project 10" */ = {
			isa = XCConfigurationList;
			buildConfigurations = (
				7799AB17287368850069FBAF /* Debug */,
				7799AB18287368850069FBAF /* Release */,
			);
			defaultConfigurationIsVisible = 0;
			defaultConfigurationName = Release;
		};
/* End XCConfigurationList section */
	};
	rootObject = 7799AAFA287368840069FBAF /* Project object */;
}
